{
  "requires": true,
  "lockfileVersion": 1,
  "dependencies": {
    "@google-pay/button-react": {
      "version": "2.3.0",
      "resolved": "https://registry.npmjs.org/@google-pay/button-react/-/button-react-2.3.0.tgz",
      "integrity": "sha512-ugl4Vte9BdxrtfvpaGSH95n4QBSJqJW3UAgOOkuyrnB4Zps0cqwEVuPcBhbG4Bl793eV31BsbxlMglR65GIrxw==",
      "requires": {
        "@types/googlepay": "^0.5.2"
      }
    },
    "@types/googlepay": {
      "version": "0.5.2",
      "resolved": "https://registry.npmjs.org/@types/googlepay/-/googlepay-0.5.2.tgz",
      "integrity": "sha512-pVVacSkEomv63fwdR2euC15bt75pMbNEpfzWyChOwzzDRhWjQH6IZkFM0zGUU5IqSt3phFLsE9v5Epqx8OT+fA=="
    }
  }
}
